
Microsoft Visual Studio Solution File, Format Version 12.00
# Visual Studio Version 17
VisualStudioVersion = 17.11.35312.102
MinimumVisualStudioVersion = 10.0.40219.1
Project("{FAE04EC0-301F-11D3-BF4B-00C04F79EFBC}") = "SuperProject", "SuperProject.csproj", "{F901999C-0BDA-4AC9-8792-B038E40D1B8C}"
EndProject
Global
	GlobalSection(SolutionConfigurationPlatforms) = preSolution
		Debug|Any CPU = Debug|Any CPU
		Release|Any CPU = Release|Any CPU
	EndGlobalSection
	GlobalSection(ProjectConfigurationPlatforms) = postSolution
		{F901999C-0BDA-4AC9-8792-B038E40D1B8C}.Debug|Any CPU.ActiveCfg = Debug|Any CPU
		{F901999C-0BDA-4AC9-8792-B038E40D1B8C}.Debug|Any CPU.Build.0 = Debug|Any CPU
		{F901999C-0BDA-4AC9-8792-B038E40D1B8C}.Release|Any CPU.ActiveCfg = Release|Any CPU
		{F901999C-0BDA-4AC9-8792-B038E40D1B8C}.Release|Any CPU.Build.0 = Release|Any CPU
	EndGlobalSection
	GlobalSection(SolutionProperties) = preSolution
		HideSolutionNode = FALSE
	EndGlobalSection
	GlobalSection(ExtensibilityGlobals) = postSolution
		SolutionGuid = {CC9DC096-C978-4408-BDEF-60151D0F33F1}
	EndGlobalSection
EndGlobal
