
Microsoft Visual Studio Solution File, Format Version 12.00
# Visual Studio Version 17
VisualStudioVersion = 17.11.35312.102
MinimumVisualStudioVersion = 10.0.40219.1
Project("{9A19103F-16F7-4668-BE54-9A1E7A4F7556}") = "SuperProject", "C:\Users\yumes\source\repos\SuperProject\SuperProject.csproj", "{61B2044A-900A-4A42-8AA9-12CA0C2D4155}"
EndProject
Global
	GlobalSection(SolutionConfigurationPlatforms) = preSolution
		Debug|Any CPU = Debug|Any CPU
		Release|Any CPU = Release|Any CPU
	EndGlobalSection
	GlobalSection(ProjectConfigurationPlatforms) = postSolution
		{61B2044A-900A-4A42-8AA9-12CA0C2D4155}.Debug|Any CPU.ActiveCfg = Debug|Any CPU
		{61B2044A-900A-4A42-8AA9-12CA0C2D4155}.Debug|Any CPU.Build.0 = Debug|Any CPU
		{61B2044A-900A-4A42-8AA9-12CA0C2D4155}.Release|Any CPU.ActiveCfg = Release|Any CPU
		{61B2044A-900A-4A42-8AA9-12CA0C2D4155}.Release|Any CPU.Build.0 = Release|Any CPU
	EndGlobalSection
	GlobalSection(SolutionProperties) = preSolution
		HideSolutionNode = FALSE
	EndGlobalSection
	GlobalSection(ExtensibilityGlobals) = postSolution
		SolutionGuid = {CC9DC096-C978-4408-BDEF-60151D0F33F1}
	EndGlobalSection
EndGlobal
